
Microsoft Visual Studio Solution File, Format Version 12.00
# Visual Studio 15
VisualStudioVersion = 15.0.28307.572
MinimumVisualStudioVersion = 10.0.40219.1
Project("{FAE04EC0-301F-11D3-BF4B-00C04F79EFBC}") = "exampleCSharp", "exampleCSharp\exampleCSharp.csproj", "{892563DB-C131-46C1-8362-822FD341CFCA}"
EndProject
Project("{FAE04EC0-301F-11D3-BF4B-00C04F79EFBC}") = "Example2", "Example2\Example2.csproj", "{858D4B4A-C924-4269-9A33-050D0BA3E079}"
EndProject
Global
	GlobalSection(SolutionConfigurationPlatforms) = preSolution
		Debug|Any CPU = Debug|Any CPU
		Release|Any CPU = Release|Any CPU
	EndGlobalSection
	GlobalSection(ProjectConfigurationPlatforms) = postSolution
		{892563DB-C131-46C1-8362-822FD341CFCA}.Debug|Any CPU.ActiveCfg = Debug|Any CPU
		{892563DB-C131-46C1-8362-822FD341CFCA}.Debug|Any CPU.Build.0 = Debug|Any CPU
		{892563DB-C131-46C1-8362-822FD341CFCA}.Release|Any CPU.ActiveCfg = Release|Any CPU
		{892563DB-C131-46C1-8362-822FD341CFCA}.Release|Any CPU.Build.0 = Release|Any CPU
		{858D4B4A-C924-4269-9A33-050D0BA3E079}.Debug|Any CPU.ActiveCfg = Debug|Any CPU
		{858D4B4A-C924-4269-9A33-050D0BA3E079}.Debug|Any CPU.Build.0 = Debug|Any CPU
		{858D4B4A-C924-4269-9A33-050D0BA3E079}.Release|Any CPU.ActiveCfg = Release|Any CPU
		{858D4B4A-C924-4269-9A33-050D0BA3E079}.Release|Any CPU.Build.0 = Release|Any CPU
	EndGlobalSection
	GlobalSection(SolutionProperties) = preSolution
		HideSolutionNode = FALSE
	EndGlobalSection
	GlobalSection(ExtensibilityGlobals) = postSolution
		SolutionGuid = {5B8D1FAF-5949-439A-B3CD-60A80271C237}
	EndGlobalSection
EndGlobal
